
Microsoft Visual Studio Solution File, Format Version 12.00
# Visual Studio Version 16
VisualStudioVersion = 16.0.28803.202
MinimumVisualStudioVersion = 10.0.40219.1
Project("{9A19103F-16F7-4668-BE54-9A1E7A4F7556}") = "WeeeTrackerAPI", "WeeeTrackerAPI.csproj", "{3D5860CC-5890-4B44-B3E0-464839B1EBD7}"
EndProject
Global
	GlobalSection(SolutionConfigurationPlatforms) = preSolution
		Debug|Any CPU = Debug|Any CPU
		Release|Any CPU = Release|Any CPU
	EndGlobalSection
	GlobalSection(ProjectConfigurationPlatforms) = postSolution
		{3D5860CC-5890-4B44-B3E0-464839B1EBD7}.Debug|Any CPU.ActiveCfg = Debug|Any CPU
		{3D5860CC-5890-4B44-B3E0-464839B1EBD7}.Debug|Any CPU.Build.0 = Debug|Any CPU
		{3D5860CC-5890-4B44-B3E0-464839B1EBD7}.Release|Any CPU.ActiveCfg = Release|Any CPU
		{3D5860CC-5890-4B44-B3E0-464839B1EBD7}.Release|Any CPU.Build.0 = Release|Any CPU
	EndGlobalSection
	GlobalSection(SolutionProperties) = preSolution
		HideSolutionNode = FALSE
	EndGlobalSection
	GlobalSection(ExtensibilityGlobals) = postSolution
		SolutionGuid = {90E69CCB-30AE-4B0E-AD83-8FA1D3CFEE47}
	EndGlobalSection
EndGlobal
